
Microsoft Visual Studio Solution File, Format Version 12.00
# Visual Studio Version 16
VisualStudioVersion = 16.0.31702.278
MinimumVisualStudioVersion = 10.0.40219.1
Project("{FAE04EC0-301F-11D3-BF4B-00C04F79EFBC}") = "BestBuyBestPractices", "BestBuyBestPractices\BestBuyBestPractices.csproj", "{759F9C3D-3E62-4644-A2AD-93E1F52E3BC0}"
EndProject
Global
	GlobalSection(SolutionConfigurationPlatforms) = preSolution
		Debug|Any CPU = Debug|Any CPU
		Release|Any CPU = Release|Any CPU
	EndGlobalSection
	GlobalSection(ProjectConfigurationPlatforms) = postSolution
		{759F9C3D-3E62-4644-A2AD-93E1F52E3BC0}.Debug|Any CPU.ActiveCfg = Debug|Any CPU
		{759F9C3D-3E62-4644-A2AD-93E1F52E3BC0}.Debug|Any CPU.Build.0 = Debug|Any CPU
		{759F9C3D-3E62-4644-A2AD-93E1F52E3BC0}.Release|Any CPU.ActiveCfg = Release|Any CPU
		{759F9C3D-3E62-4644-A2AD-93E1F52E3BC0}.Release|Any CPU.Build.0 = Release|Any CPU
	EndGlobalSection
	GlobalSection(SolutionProperties) = preSolution
		HideSolutionNode = FALSE
	EndGlobalSection
	GlobalSection(ExtensibilityGlobals) = postSolution
		SolutionGuid = {CFCC34E9-E1AC-4391-BB5D-D5FF5AA1FBCB}
	EndGlobalSection
EndGlobal
